
Microsoft Visual Studio Solution File, Format Version 12.00
# Visual Studio Version 17
VisualStudioVersion = 17.3.32819.101
MinimumVisualStudioVersion = 10.0.40219.1
Project("{888888A0-9F3D-457C-B088-3A5042F75D52}") = "Question2 - stress test", "Question2 - stress test.pyproj", "{37B51C3E-846C-40CD-BD43-49780F239630}"
EndProject
Global
	GlobalSection(SolutionConfigurationPlatforms) = preSolution
		Debug|Any CPU = Debug|Any CPU
		Release|Any CPU = Release|Any CPU
	EndGlobalSection
	GlobalSection(ProjectConfigurationPlatforms) = postSolution
		{37B51C3E-846C-40CD-BD43-49780F239630}.Debug|Any CPU.ActiveCfg = Debug|Any CPU
		{37B51C3E-846C-40CD-BD43-49780F239630}.Release|Any CPU.ActiveCfg = Release|Any CPU
	EndGlobalSection
	GlobalSection(SolutionProperties) = preSolution
		HideSolutionNode = FALSE
	EndGlobalSection
	GlobalSection(ExtensibilityGlobals) = postSolution
		SolutionGuid = {12F85C0D-CF50-41A9-BA27-0AA4B75C18AF}
	EndGlobalSection
EndGlobal
