
Microsoft Visual Studio Solution File, Format Version 12.00
# Visual Studio Version 17
VisualStudioVersion = 17.3.32819.101
MinimumVisualStudioVersion = 10.0.40219.1
Project("{888888A0-9F3D-457C-B088-3A5042F75D52}") = "Question1 - randomizer", "Question1 - randomizer.pyproj", "{AA5DE28B-B868-45EE-B195-28864003A7B6}"
EndProject
Global
	GlobalSection(SolutionConfigurationPlatforms) = preSolution
		Debug|Any CPU = Debug|Any CPU
		Release|Any CPU = Release|Any CPU
	EndGlobalSection
	GlobalSection(ProjectConfigurationPlatforms) = postSolution
		{AA5DE28B-B868-45EE-B195-28864003A7B6}.Debug|Any CPU.ActiveCfg = Debug|Any CPU
		{AA5DE28B-B868-45EE-B195-28864003A7B6}.Release|Any CPU.ActiveCfg = Release|Any CPU
	EndGlobalSection
	GlobalSection(SolutionProperties) = preSolution
		HideSolutionNode = FALSE
	EndGlobalSection
	GlobalSection(ExtensibilityGlobals) = postSolution
		SolutionGuid = {C17DE1B7-03BB-4B67-90E5-3532A902E7F5}
	EndGlobalSection
EndGlobal
